Microsoft Visual Studio Solution File, Format Version 12.00
# Visual Studio Version 17
VisualStudioVersion = 17.5.2.0
MinimumVisualStudioVersion = 10.0.40219.1
Project("{FAE04EC0-301F-11D3-BF4B-00C04F79EFBC}") = "Learn.McpGoogleCalendar.WebApi", "Learn.McpGoogleCalendar.WebApi.csproj", "{4643D0EB-F868-630A-FD5B-7742913E1232}"
EndProject
Global
	GlobalSection(SolutionConfigurationPlatforms) = preSolution
		Debug|Any CPU = Debug|Any CPU
		Release|Any CPU = Release|Any CPU
	EndGlobalSection
	GlobalSection(ProjectConfigurationPlatforms) = postSolution
		{4643D0EB-F868-630A-FD5B-7742913E1232}.Debug|Any CPU.ActiveCfg = Debug|Any CPU
		{4643D0EB-F868-630A-FD5B-7742913E1232}.Debug|Any CPU.Build.0 = Debug|Any CPU
		{4643D0EB-F868-630A-FD5B-7742913E1232}.Release|Any CPU.ActiveCfg = Release|Any CPU
		{4643D0EB-F868-630A-FD5B-7742913E1232}.Release|Any CPU.Build.0 = Release|Any CPU
	EndGlobalSection
	GlobalSection(SolutionProperties) = preSolution
		HideSolutionNode = FALSE
	EndGlobalSection
	GlobalSection(ExtensibilityGlobals) = postSolution
		SolutionGuid = {C3F5EFE6-1DBD-4C2E-BAC2-B29D3FEB5FB8}
	EndGlobalSection
EndGlobal
